
Microsoft Visual Studio Solution File, Format Version 12.00
# Visual Studio Version 17
VisualStudioVersion = 17.11.35327.3
MinimumVisualStudioVersion = 10.0.40219.1
Project("{FAE04EC0-301F-11D3-BF4B-00C04F79EFBC}") = "CalculatorApp1", "CalculatorApp1\CalculatorApp1.csproj", "{4669F7E6-8491-4EF5-B799-1F9E2BFD170F}"
EndProject
Global
	GlobalSection(SolutionConfigurationPlatforms) = preSolution
		Debug|Any CPU = Debug|Any CPU
		Release|Any CPU = Release|Any CPU
	EndGlobalSection
	GlobalSection(ProjectConfigurationPlatforms) = postSolution
		{4669F7E6-8491-4EF5-B799-1F9E2BFD170F}.Debug|Any CPU.ActiveCfg = Debug|Any CPU
		{4669F7E6-8491-4EF5-B799-1F9E2BFD170F}.Debug|Any CPU.Build.0 = Debug|Any CPU
		{4669F7E6-8491-4EF5-B799-1F9E2BFD170F}.Release|Any CPU.ActiveCfg = Release|Any CPU
		{4669F7E6-8491-4EF5-B799-1F9E2BFD170F}.Release|Any CPU.Build.0 = Release|Any CPU
	EndGlobalSection
	GlobalSection(SolutionProperties) = preSolution
		HideSolutionNode = FALSE
	EndGlobalSection
	GlobalSection(ExtensibilityGlobals) = postSolution
		SolutionGuid = {653346AD-335F-4DED-9893-8E757959EC0C}
	EndGlobalSection
EndGlobal
